{
  "name": "my-scripts",
  "version": "1.0.0",
  "lockfileVersion": 2,
  "requires": true,
  "packages": {
    "": {
      "name": "my-scripts",
      "version": "1.0.0",
      "license": "ISC",
      "dependencies": {
        "number-precision": "^1.5.1",
        "readline-sync": "^1.4.10"
      }
    },
    "node_modules/number-precision": {
      "version": "1.5.1",
      "resolved": "https://registry.npmjs.org/number-precision/-/number-precision-1.5.1.tgz",
      "integrity": "sha512-JdTfhUHd1aUL4svSaJXlv3CKNz92js2z0+HS/9AX8euw+akompBz/QEZ7e3y7eTuJxvRqXBZP6mapUlTtLoTsA=="
    },
    "node_modules/readline-sync": {
      "version": "1.4.10",
      "resolved": "https://registry.npmjs.org/readline-sync/-/readline-sync-1.4.10.tgz",
      "integrity": "sha512-gNva8/6UAe8QYepIQH/jQ2qn91Qj0B9sYjMBBs3QOB8F2CXcKgLxQaJRP76sWVRQt+QU+8fAkCbCvjjMFu7Ycw==",
      "engines": {
        "node": ">= 0.8.0"
      }
    }
  },
  "dependencies": {
    "number-precision": {
      "version": "1.5.1",
      "resolved": "https://registry.npmjs.org/number-precision/-/number-precision-1.5.1.tgz",
      "integrity": "sha512-JdTfhUHd1aUL4svSaJXlv3CKNz92js2z0+HS/9AX8euw+akompBz/QEZ7e3y7eTuJxvRqXBZP6mapUlTtLoTsA=="
    },
    "readline-sync": {
      "version": "1.4.10",
      "resolved": "https://registry.npmjs.org/readline-sync/-/readline-sync-1.4.10.tgz",
      "integrity": "sha512-gNva8/6UAe8QYepIQH/jQ2qn91Qj0B9sYjMBBs3QOB8F2CXcKgLxQaJRP76sWVRQt+QU+8fAkCbCvjjMFu7Ycw=="
    }
  }
}
